
Microsoft Visual Studio Solution File, Format Version 12.00
# Visual Studio Version 16
VisualStudioVersion = 16.0.30621.155
MinimumVisualStudioVersion = 10.0.40219.1
Project("{00D1A9C2-B5F0-4AF3-8072-F6C62B433612}") = "Control", "Database\Control\Control.sqlproj", "{D451E1B2-C43F-4429-A24A-36B1F18756C6}"
EndProject
Project("{FAE04EC0-301F-11D3-BF4B-00C04F79EFBC}") = "dmutils", "dmutils\dmutils.csproj", "{4A4944C7-ED7C-4DA5-B6B2-DEBF90CCDDD1}"
EndProject
Global
	GlobalSection(SolutionConfigurationPlatforms) = preSolution
		Debug|Any CPU = Debug|Any CPU
		Development|Any CPU = Development|Any CPU
		Release|Any CPU = Release|Any CPU
	EndGlobalSection
	GlobalSection(ProjectConfigurationPlatforms) = postSolution
		{D451E1B2-C43F-4429-A24A-36B1F18756C6}.Debug|Any CPU.ActiveCfg = Debug|Any CPU
		{D451E1B2-C43F-4429-A24A-36B1F18756C6}.Debug|Any CPU.Build.0 = Debug|Any CPU
		{D451E1B2-C43F-4429-A24A-36B1F18756C6}.Debug|Any CPU.Deploy.0 = Debug|Any CPU
		{D451E1B2-C43F-4429-A24A-36B1F18756C6}.Development|Any CPU.ActiveCfg = Debug|Any CPU
		{D451E1B2-C43F-4429-A24A-36B1F18756C6}.Development|Any CPU.Build.0 = Debug|Any CPU
		{D451E1B2-C43F-4429-A24A-36B1F18756C6}.Development|Any CPU.Deploy.0 = Debug|Any CPU
		{D451E1B2-C43F-4429-A24A-36B1F18756C6}.Release|Any CPU.ActiveCfg = Release|Any CPU
		{D451E1B2-C43F-4429-A24A-36B1F18756C6}.Release|Any CPU.Build.0 = Release|Any CPU
		{D451E1B2-C43F-4429-A24A-36B1F18756C6}.Release|Any CPU.Deploy.0 = Release|Any CPU
		{4A4944C7-ED7C-4DA5-B6B2-DEBF90CCDDD1}.Debug|Any CPU.ActiveCfg = Debug|Any CPU
		{4A4944C7-ED7C-4DA5-B6B2-DEBF90CCDDD1}.Debug|Any CPU.Build.0 = Debug|Any CPU
		{4A4944C7-ED7C-4DA5-B6B2-DEBF90CCDDD1}.Development|Any CPU.ActiveCfg = Debug|Any CPU
		{4A4944C7-ED7C-4DA5-B6B2-DEBF90CCDDD1}.Development|Any CPU.Build.0 = Debug|Any CPU
		{4A4944C7-ED7C-4DA5-B6B2-DEBF90CCDDD1}.Release|Any CPU.ActiveCfg = Release|Any CPU
		{4A4944C7-ED7C-4DA5-B6B2-DEBF90CCDDD1}.Release|Any CPU.Build.0 = Release|Any CPU
	EndGlobalSection
	GlobalSection(SolutionProperties) = preSolution
		HideSolutionNode = FALSE
	EndGlobalSection
	GlobalSection(ExtensibilityGlobals) = postSolution
		SolutionGuid = {2C882DBD-77FA-48F0-A2E3-9553C0BA8B07}
	EndGlobalSection
EndGlobal
